
Microsoft Visual Studio Solution File, Format Version 12.00
# Visual Studio Version 16
VisualStudioVersion = 16.0.30907.101
MinimumVisualStudioVersion = 10.0.40219.1
Project("{FAE04EC0-301F-11D3-BF4B-00C04F79EFBC}") = "demo", "demo\demo.csproj", "{2E294229-5103-40DB-AA70-B62888185ED3}"
EndProject
Global
	GlobalSection(SolutionConfigurationPlatforms) = preSolution
		Debug|Any CPU = Debug|Any CPU
		Release|Any CPU = Release|Any CPU
	EndGlobalSection
	GlobalSection(ProjectConfigurationPlatforms) = postSolution
		{2E294229-5103-40DB-AA70-B62888185ED3}.Debug|Any CPU.ActiveCfg = Debug|Any CPU
		{2E294229-5103-40DB-AA70-B62888185ED3}.Debug|Any CPU.Build.0 = Debug|Any CPU
		{2E294229-5103-40DB-AA70-B62888185ED3}.Release|Any CPU.ActiveCfg = Release|Any CPU
		{2E294229-5103-40DB-AA70-B62888185ED3}.Release|Any CPU.Build.0 = Release|Any CPU
	EndGlobalSection
	GlobalSection(SolutionProperties) = preSolution
		HideSolutionNode = FALSE
	EndGlobalSection
	GlobalSection(ExtensibilityGlobals) = postSolution
		SolutionGuid = {AAB89846-ABD7-4B2B-935E-86866BB6CEFA}
	EndGlobalSection
EndGlobal
